{
  "name": "monthly-giving-circle",
  "lockfileVersion": 3,
  "requires": true,
  "packages": {
    "": {
      "dependencies": {
        "@internetarchive/icon-donate": "^1.3.4"
      }
    },
    "node_modules/@internetarchive/icon-donate": {
      "version": "1.3.4",
      "resolved": "https://registry.npmjs.org/@internetarchive/icon-donate/-/icon-donate-1.3.4.tgz",
      "integrity": "sha512-FfVPs1ORzCKDbyK/tCLLqVt4UEcyWuuiL+W/xmgEdTKWioY3e58ifyomNqi+QnYcmURI5OgmBNHdCMR9lByoNA==",
      "license": "AGPL-3.0-only",
      "dependencies": {
        "lit": "^2.0.2"
      }
    },
    "node_modules/@lit-labs/ssr-dom-shim": {
      "version": "1.3.0",
      "resolved": "https://registry.npmjs.org/@lit-labs/ssr-dom-shim/-/ssr-dom-shim-1.3.0.tgz",
      "integrity": "sha512-nQIWonJ6eFAvUUrSlwyHDm/aE8PBDu5kRpL0vHMg6K8fK3Diq1xdPjTnsJSwxABhaZ+5eBi1btQB5ShUTKo4nQ==",
      "license": "BSD-3-Clause"
    },
    "node_modules/@lit/reactive-element": {
      "version": "1.6.3",
      "resolved": "https://registry.npmjs.org/@lit/reactive-element/-/reactive-element-1.6.3.tgz",
      "integrity": "sha512-QuTgnG52Poic7uM1AN5yJ09QMe0O28e10XzSvWDz02TJiiKee4stsiownEIadWm8nYzyDAyT+gKzUoZmiWQtsQ==",
      "license": "BSD-3-Clause",
      "dependencies": {
        "@lit-labs/ssr-dom-shim": "^1.0.0"
      }
    },
    "node_modules/@types/trusted-types": {
      "version": "2.0.7",
      "resolved": "https://registry.npmjs.org/@types/trusted-types/-/trusted-types-2.0.7.tgz",
      "integrity": "sha512-ScaPdn1dQczgbl0QFTeTOmVHFULt394XJgOQNoyVhZ6r2vLnMLJfBPd53SB52T/3G36VI1/g2MZaX0cwDuXsfw==",
      "license": "MIT"
    },
    "node_modules/lit": {
      "version": "2.8.0",
      "resolved": "https://registry.npmjs.org/lit/-/lit-2.8.0.tgz",
      "integrity": "sha512-4Sc3OFX9QHOJaHbmTMk28SYgVxLN3ePDjg7hofEft2zWlehFL3LiAuapWc4U/kYwMYJSh2hTCPZ6/LIC7ii0MA==",
      "license": "BSD-3-Clause",
      "dependencies": {
        "@lit/reactive-element": "^1.6.0",
        "lit-element": "^3.3.0",
        "lit-html": "^2.8.0"
      }
    },
    "node_modules/lit-element": {
      "version": "3.3.3",
      "resolved": "https://registry.npmjs.org/lit-element/-/lit-element-3.3.3.tgz",
      "integrity": "sha512-XbeRxmTHubXENkV4h8RIPyr8lXc+Ff28rkcQzw3G6up2xg5E8Zu1IgOWIwBLEQsu3cOVFqdYwiVi0hv0SlpqUA==",
      "license": "BSD-3-Clause",
      "dependencies": {
        "@lit-labs/ssr-dom-shim": "^1.1.0",
        "@lit/reactive-element": "^1.3.0",
        "lit-html": "^2.8.0"
      }
    },
    "node_modules/lit-html": {
      "version": "2.8.0",
      "resolved": "https://registry.npmjs.org/lit-html/-/lit-html-2.8.0.tgz",
      "integrity": "sha512-o9t+MQM3P4y7M7yNzqAyjp7z+mQGa4NS4CxiyLqFPyFWyc4O+nodLrkrxSaCTrla6M5YOLaT3RpbbqjszB5g3Q==",
      "license": "BSD-3-Clause",
      "dependencies": {
        "@types/trusted-types": "^2.0.2"
      }
    }
  }
}
